schema: '2.0'
stages:
  ingest:
    cmd: python -m src.data.ingest
    deps:
    - path: src/data/ingest.py
      hash: md5
      md5: f784cfe2c821e94bc5eefbf1a454a719
      size: 6271
    - path: src/utils/config.py
      hash: md5
      md5: 4ec2c88f5253de0cc19599e91931be1e
      size: 2465
    - path: src/utils/logger.py
      hash: md5
      md5: d8aa2f9bb20353f57630387b68da164a
      size: 1059
    params:
      params.yaml:
        ingest:
          kaggle_dataset: muhammadshahidazeem/customer-churn-dataset
          raw_dir: data/raw
          train_file: customer_churn_dataset-training-master.csv
          test_file: customer_churn_dataset-testing-master.csv
          target_column: Churn
          id_column: CustomerID
    outs:
    - path: data/raw
      hash: md5
      md5: 0a6194907b1fb8bb0e66a63bc3408986.dir
      size: 26730974
      nfiles: 2
  preprocess:
    cmd: python -m src.data.preprocess
    deps:
    - path: data/raw
      hash: md5
      md5: 0a6194907b1fb8bb0e66a63bc3408986.dir
      size: 26730974
      nfiles: 2
    - path: src/data/preprocess.py
      hash: md5
      md5: 598f9d38648ce03f3de37a8c196438f1
      size: 7497
    - path: src/utils/config.py
      hash: md5
      md5: 4ec2c88f5253de0cc19599e91931be1e
      size: 2465
    - path: src/utils/logger.py
      hash: md5
      md5: d8aa2f9bb20353f57630387b68da164a
      size: 1059
    params:
      params.yaml:
        ingest.id_column: CustomerID
        ingest.target_column: Churn
        ingest.train_file: customer_churn_dataset-training-master.csv
        preprocess:
          processed_dir: data/processed
          test_size: 0.2
          stratify: true
          drop_rows_missing_target: true
          numeric_impute_strategy: median
          categorical_impute_strategy: most_frequent
          scale_numeric: true
          sample_size: 100000
        seed: 42
    outs:
    - path: data/processed
      hash: md5
      md5: 3663683fa1dcd67c4b6f685efd9476a9.dir
      size: 17121448
      nfiles: 6
  train:
    cmd: python -m src.models.train
    deps:
    - path: data/processed
      hash: md5
      md5: 3663683fa1dcd67c4b6f685efd9476a9.dir
      size: 17121448
      nfiles: 6
    - path: src/models/train.py
      hash: md5
      md5: 482c558624da2c1956a7f81e94993634
      size: 7386
    - path: src/utils/config.py
      hash: md5
      md5: 4ec2c88f5253de0cc19599e91931be1e
      size: 2465
    - path: src/utils/logger.py
      hash: md5
      md5: d8aa2f9bb20353f57630387b68da164a
      size: 1059
    params:
      params.yaml:
        mlflow:
          experiment_name: churn-prediction
          tracking_uri: sqlite:///mlflow.db
          artifact_location: mlartifacts
          registered_model_name: churn-classifier
        preprocess.processed_dir: data/processed
        preprocess.test_size: 0.2
        seed: 42
        train:
          models_dir: models/candidates
          primary_metric: roc_auc
          cv_folds: 3
          models:
            logistic_regression:
              enabled: true
              params:
                C: 1.0
                max_iter: 1000
                solver: lbfgs
                class_weight: balanced
            random_forest:
              enabled: true
              params:
                n_estimators: 200
                max_depth: 12
                min_samples_split: 5
                min_samples_leaf: 2
                class_weight: balanced
                n_jobs: -1
            xgboost:
              enabled: true
              params:
                n_estimators: 300
                max_depth: 6
                learning_rate: 0.1
                subsample: 0.9
                colsample_bytree: 0.9
                eval_metric: logloss
    outs:
    - path: models/candidates
      hash: md5
      md5: 8cbcf9486810c00e17e9fa7016b8de1f.dir
      size: 8578007
      nfiles: 4
  evaluate:
    cmd: python -m src.models.evaluate
    deps:
    - path: data/processed
      hash: md5
      md5: 3663683fa1dcd67c4b6f685efd9476a9.dir
      size: 17121448
      nfiles: 6
    - path: models/candidates
      hash: md5
      md5: 8cbcf9486810c00e17e9fa7016b8de1f.dir
      size: 8578007
      nfiles: 4
    - path: src/models/evaluate.py
      hash: md5
      md5: c01e08d6f1dd290f8ef198e94e1d666e
      size: 9243
    - path: src/utils/config.py
      hash: md5
      md5: 4ec2c88f5253de0cc19599e91931be1e
      size: 2465
    - path: src/utils/logger.py
      hash: md5
      md5: d8aa2f9bb20353f57630387b68da164a
      size: 1059
    params:
      params.yaml:
        evaluate:
          reports_dir: reports
          promoted_model_path: models/best_model.joblib
          min_roc_auc: 0.7
        mlflow:
          experiment_name: churn-prediction
          tracking_uri: sqlite:///mlflow.db
          artifact_location: mlartifacts
          registered_model_name: churn-classifier
        preprocess.processed_dir: data/processed
        seed: 42
        train.models_dir: models/candidates
        train.primary_metric: roc_auc
    outs:
    - path: models/best_model.joblib
      hash: md5
      md5: 0d727dc3cd2fd25e40092aeb99b329ec
      size: 554558
    - path: reports/metrics.json
      hash: md5
      md5: 02db673efe08e431d29c554934cfb29b
      size: 791
    - path: reports/model_comparison.csv
      hash: md5
      md5: e9f3cfe4912c1d044433ad7af9fd7696
      size: 318
    - path: reports/plots
      hash: md5
      md5: 0d96bea15456666070024e3681b26031.dir
      size: 95942
      nfiles: 4
